
Microsoft Visual Studio Solution File, Format Version 12.00
# Visual Studio Version 16
VisualStudioVersion = 16.0.33529.622
MinimumVisualStudioVersion = 10.0.40219.1
Project("{FAE04EC0-301F-11D3-BF4B-00C04F79EFBC}") = "MyFirstConsoleApp", "MyFirstConsoleApp\MyFirstConsoleApp.csproj", "{E3E9B08F-5407-4D09-B438-EE8E785FA787}"
EndProject
Global
	GlobalSection(SolutionConfigurationPlatforms) = preSolution
		Debug|Any CPU = Debug|Any CPU
		Release|Any CPU = Release|Any CPU
	EndGlobalSection
	GlobalSection(ProjectConfigurationPlatforms) = postSolution
		{E3E9B08F-5407-4D09-B438-EE8E785FA787}.Debug|Any CPU.ActiveCfg = Debug|Any CPU
		{E3E9B08F-5407-4D09-B438-EE8E785FA787}.Debug|Any CPU.Build.0 = Debug|Any CPU
		{E3E9B08F-5407-4D09-B438-EE8E785FA787}.Release|Any CPU.ActiveCfg = Release|Any CPU
		{E3E9B08F-5407-4D09-B438-EE8E785FA787}.Release|Any CPU.Build.0 = Release|Any CPU
	EndGlobalSection
	GlobalSection(SolutionProperties) = preSolution
		HideSolutionNode = FALSE
	EndGlobalSection
	GlobalSection(ExtensibilityGlobals) = postSolution
		SolutionGuid = {CE4F0C5C-5296-48C7-9042-12A481B836E9}
	EndGlobalSection
EndGlobal
